
Microsoft Visual Studio Solution File, Format Version 12.00
# Visual Studio Version 16
VisualStudioVersion = 16.0.32126.315
MinimumVisualStudioVersion = 10.0.40219.1
Project("{9A19103F-16F7-4668-BE54-9A1E7A4F7556}") = "ExcelOperate", "ExcelOperate\ExcelOperate.csproj", "{FAD75DBE-744F-49B4-8008-86E7C26A579D}"
EndProject
Project("{FAE04EC0-301F-11D3-BF4B-00C04F79EFBC}") = "Crawlers", "Crawlers\Crawlers.csproj", "{E7B22BC6-5DA0-4A48-A626-FA81D6E0C0BB}"
EndProject
Global
	GlobalSection(SolutionConfigurationPlatforms) = preSolution
		Debug|Any CPU = Debug|Any CPU
		Release|Any CPU = Release|Any CPU
	EndGlobalSection
	GlobalSection(ProjectConfigurationPlatforms) = postSolution
		{FAD75DBE-744F-49B4-8008-86E7C26A579D}.Debug|Any CPU.ActiveCfg = Debug|Any CPU
		{FAD75DBE-744F-49B4-8008-86E7C26A579D}.Debug|Any CPU.Build.0 = Debug|Any CPU
		{FAD75DBE-744F-49B4-8008-86E7C26A579D}.Release|Any CPU.ActiveCfg = Release|Any CPU
		{FAD75DBE-744F-49B4-8008-86E7C26A579D}.Release|Any CPU.Build.0 = Release|Any CPU
		{E7B22BC6-5DA0-4A48-A626-FA81D6E0C0BB}.Debug|Any CPU.ActiveCfg = Debug|Any CPU
		{E7B22BC6-5DA0-4A48-A626-FA81D6E0C0BB}.Debug|Any CPU.Build.0 = Debug|Any CPU
		{E7B22BC6-5DA0-4A48-A626-FA81D6E0C0BB}.Release|Any CPU.ActiveCfg = Release|Any CPU
		{E7B22BC6-5DA0-4A48-A626-FA81D6E0C0BB}.Release|Any CPU.Build.0 = Release|Any CPU
	EndGlobalSection
	GlobalSection(SolutionProperties) = preSolution
		HideSolutionNode = FALSE
	EndGlobalSection
	GlobalSection(ExtensibilityGlobals) = postSolution
		SolutionGuid = {3F2C5741-0D01-45F0-9B56-FC9CC9205923}
	EndGlobalSection
EndGlobal
